// !$*UTF8*$!
{
	archiveVersion = 1;
	classes = {
	};
	objectVersion = 50;
	objects = {

/* Begin PBXBuildFile section */
		2E97BD9024A1127E00BD9943 /* AddVoiceNoteViewController.swift in Sources */ = {isa = PBXBuildFile; fileRef = 2E97BD8F24A1127E00BD9943 /* AddVoiceNoteViewController.swift */; };
		4757CCB5249E5E9A002786D9 /* AppDelegate.swift in Sources */ = {isa = PBXBuildFile; fileRef = 4757CCB4249E5E9A002786D9 /* AppDelegate.swift */; };
		4757CCB7249E5E9A002786D9 /* SceneDelegate.swift in Sources */ = {isa = PBXBuildFile; fileRef = 4757CCB6249E5E9A002786D9 /* SceneDelegate.swift */; };
		4757CCB9249E5E9A002786D9 /* ViewController.swift in Sources */ = {isa = PBXBuildFile; fileRef = 4757CCB8249E5E9A002786D9 /* ViewController.swift */; };
		4757CCBC249E5E9A002786D9 /* Main.storyboard in Resources */ = {isa = PBXBuildFile; fileRef = 4757CCBA249E5E9A002786D9 /* Main.storyboard */; };
		4757CCBF249E5E9A002786D9 /* NoteApp_TeamPurple_FP.xcdatamodeld in Sources */ = {isa = PBXBuildFile; fileRef = 4757CCBD249E5E9A002786D9 /* NoteApp_TeamPurple_FP.xcdatamodeld */; };
		4757CCC1249E5E9B002786D9 /* Assets.xcassets in Resources */ = {isa = PBXBuildFile; fileRef = 4757CCC0249E5E9B002786D9 /* Assets.xcassets */; };
		4757CCC4249E5E9B002786D9 /* LaunchScreen.storyboard in Resources */ = {isa = PBXBuildFile; fileRef = 4757CCC2249E5E9B002786D9 /* LaunchScreen.storyboard */; };
		A16BAFDB249E984000F4172E /* Note.swift in Sources */ = {isa = PBXBuildFile; fileRef = A16BAFDA249E984000F4172E /* Note.swift */; };
		A16BAFDD249EC54500F4172E /* AddNotesViewController.swift in Sources */ = {isa = PBXBuildFile; fileRef = A16BAFDC249EC54500F4172E /* AddNotesViewController.swift */; };
		CC0BB94B24A1339D008E4B3F /* MapViewController.swift in Sources */ = {isa = PBXBuildFile; fileRef = CC0BB94A24A1339D008E4B3F /* MapViewController.swift */; };
/* End PBXBuildFile section */

/* Begin PBXFileReference section */
		2E97BD8F24A1127E00BD9943 /* AddVoiceNoteViewController.swift */ = {isa = PBXFileReference; lastKnownFileType = sourcecode.swift; path = AddVoiceNoteViewController.swift; sourceTree = "<group>"; };
		4757CCB1249E5E9A002786D9 /* NoteApp_TeamPurple_FP.app */ = {isa = PBXFileReference; explicitFileType = wrapper.application; includeInIndex = 0; path = NoteApp_TeamPurple_FP.app; sourceTree = BUILT_PRODUCTS_DIR; };
		4757CCB4249E5E9A002786D9 /* AppDelegate.swift */ = {isa = PBXFileReference; lastKnownFileType = sourcecode.swift; path = AppDelegate.swift; sourceTree = "<group>"; };
		4757CCB6249E5E9A002786D9 /* SceneDelegate.swift */ = {isa = PBXFileReference; lastKnownFileType = sourcecode.swift; path = SceneDelegate.swift; sourceTree = "<group>"; };
		4757CCB8249E5E9A002786D9 /* ViewController.swift */ = {isa = PBXFileReference; lastKnownFileType = sourcecode.swift; path = ViewController.swift; sourceTree = "<group>"; };
		4757CCBB249E5E9A002786D9 /* Base */ = {isa = PBXFileReference; lastKnownFileType = file.storyboard; name = Base; path = Base.lproj/Main.storyboard; sourceTree = "<group>"; };
		4757CCBE249E5E9A002786D9 /* NoteApp_TeamPurple_FP.xcdatamodel */ = {isa = PBXFileReference; lastKnownFileType = wrapper.xcdatamodel; path = NoteApp_TeamPurple_FP.xcdatamodel; sourceTree = "<group>"; };
		4757CCC0249E5E9B002786D9 /* Assets.xcassets */ = {isa = PBXFileReference; lastKnownFileType = folder.assetcatalog; path = Assets.xcassets; sourceTree = "<group>"; };
		4757CCC3249E5E9B002786D9 /* Base */ = {isa = PBXFileReference; lastKnownFileType = file.storyboard; name = Base; path = Base.lproj/LaunchScreen.storyboard; sourceTree = "<group>"; };
		4757CCC5249E5E9C002786D9 /* Info.plist */ = {isa = PBXFileReference; lastKnownFileType = text.plist.xml; path = Info.plist; sourceTree = "<group>"; };
		A16BAFDA249E984000F4172E /* Note.swift */ = {isa = PBXFileReference; lastKnownFileType = sourcecode.swift; path = Note.swift; sourceTree = "<group>"; };
		A16BAFDC249EC54500F4172E /* AddNotesViewController.swift */ = {isa = PBXFileReference; lastKnownFileType = sourcecode.swift; path = AddNotesViewController.swift; sourceTree = "<group>"; };
		CC0BB94A24A1339D008E4B3F /* MapViewController.swift */ = {isa = PBXFileReference; lastKnownFileType = sourcecode.swift; path = MapViewController.swift; sourceTree = "<group>"; };
/* End PBXFileReference section */

/* Begin PBXFrameworksBuildPhase section */
		4757CCAE249E5E9A002786D9 /* Frameworks */ = {
			isa = PBXFrameworksBuildPhase;
			buildActionMask = 2147483647;
			files = (
			);
			runOnlyForDeploymentPostprocessing = 0;
		};
/* End PBXFrameworksBuildPhase section */

/* Begin PBXGroup section */
		4757CCA8249E5E9A002786D9 = {
			isa = PBXGroup;
			children = (
				4757CCB3249E5E9A002786D9 /* NoteApp_TeamPurple_FP */,
				4757CCB2249E5E9A002786D9 /* Products */,
			);
			sourceTree = "<group>";
		};
		4757CCB2249E5E9A002786D9 /* Products */ = {
			isa = PBXGroup;
			children = (
				4757CCB1249E5E9A002786D9 /* NoteApp_TeamPurple_FP.app */,
			);
			name = Products;
			sourceTree = "<group>";
		};
		4757CCB3249E5E9A002786D9 /* NoteApp_TeamPurple_FP */ = {
			isa = PBXGroup;
			children = (
				4757CCB4249E5E9A002786D9 /* AppDelegate.swift */,
				4757CCB6249E5E9A002786D9 /* SceneDelegate.swift */,
				4757CCB8249E5E9A002786D9 /* ViewController.swift */,
				4757CCBA249E5E9A002786D9 /* Main.storyboard */,
				4757CCC0249E5E9B002786D9 /* Assets.xcassets */,
				4757CCC2249E5E9B002786D9 /* LaunchScreen.storyboard */,
				4757CCC5249E5E9C002786D9 /* Info.plist */,
				4757CCBD249E5E9A002786D9 /* NoteApp_TeamPurple_FP.xcdatamodeld */,
				A16BAFDA249E984000F4172E /* Note.swift */,
				A16BAFDC249EC54500F4172E /* AddNotesViewController.swift */,
				2E97BD8F24A1127E00BD9943 /* AddVoiceNoteViewController.swift */,
				CC0BB94A24A1339D008E4B3F /* MapViewController.swift */,
			);
			path = NoteApp_TeamPurple_FP;
			sourceTree = "<group>";
		};
/* End PBXGroup section */

/* Begin PBXNativeTarget section */
		4757CCB0249E5E9A002786D9 /* NoteApp_TeamPurple_FP */ = {
			isa = PBXNativeTarget;
			buildConfigurationList = 4757CCC8249E5E9C002786D9 /* Build configuration list for PBXNativeTarget "NoteApp_TeamPurple_FP" */;
			buildPhases = (
				4757CCAD249E5E9A002786D9 /* Sources */,
				4757CCAE249E5E9A002786D9 /* Frameworks */,
				4757CCAF249E5E9A002786D9 /* Resources */,
			);
			buildRules = (
			);
			dependencies = (
			);
			name = NoteApp_TeamPurple_FP;
			productName = NoteApp_TeamPurple_FP;
			productReference = 4757CCB1249E5E9A002786D9 /* NoteApp_TeamPurple_FP.app */;
			productType = "com.apple.product-type.application";
		};
/* End PBXNativeTarget section */

/* Begin PBXProject section */
		4757CCA9249E5E9A002786D9 /* Project object */ = {
			isa = PBXProject;
			attributes = {
				LastSwiftUpdateCheck = 1150;
				LastUpgradeCheck = 1150;
				ORGANIZATIONNAME = "Avani Patel";
				TargetAttributes = {
					4757CCB0249E5E9A002786D9 = {
						CreatedOnToolsVersion = 11.5;
					};
				};
			};
			buildConfigurationList = 4757CCAC249E5E9A002786D9 /* Build configuration list for PBXProject "NoteApp_TeamPurple_FP" */;
			compatibilityVersion = "Xcode 9.3";
			developmentRegion = en;
			hasScannedForEncodings = 0;
			knownRegions = (
				en,
				Base,
			);
			mainGroup = 4757CCA8249E5E9A002786D9;
			productRefGroup = 4757CCB2249E5E9A002786D9 /* Products */;
			projectDirPath = "";
			projectRoot = "";
			targets = (
				4757CCB0249E5E9A002786D9 /* NoteApp_TeamPurple_FP */,
			);
		};
/* End PBXProject section */

/* Begin PBXResourcesBuildPhase section */
		4757CCAF249E5E9A002786D9 /* Resources */ = {
			isa = PBXResourcesBuildPhase;
			buildActionMask = 2147483647;
			files = (
				4757CCC4249E5E9B002786D9 /* LaunchScreen.storyboard in Resources */,
				4757CCC1249E5E9B002786D9 /* Assets.xcassets in Resources */,
				4757CCBC249E5E9A002786D9 /* Main.storyboard in Resources */,
			);
			runOnlyForDeploymentPostprocessing = 0;
		};
/* End PBXResourcesBuildPhase section */

/* Begin PBXSourcesBuildPhase section */
		4757CCAD249E5E9A002786D9 /* Sources */ = {
			isa = PBXSourcesBuildPhase;
			buildActionMask = 2147483647;
			files = (
				A16BAFDB249E984000F4172E /* Note.swift in Sources */,
				4757CCBF249E5E9A002786D9 /* NoteApp_TeamPurple_FP.xcdatamodeld in Sources */,
				A16BAFDD249EC54500F4172E /* AddNotesViewController.swift in Sources */,
				4757CCB9249E5E9A002786D9 /* ViewController.swift in Sources */,
				4757CCB5249E5E9A002786D9 /* AppDelegate.swift in Sources */,
				4757CCB7249E5E9A002786D9 /* SceneDelegate.swift in Sources */,
				2E97BD9024A1127E00BD9943 /* AddVoiceNoteViewController.swift in Sources */,
				CC0BB94B24A1339D008E4B3F /* MapViewController.swift in Sources */,
			);
			runOnlyForDeploymentPostprocessing = 0;
		};
/* End PBXSourcesBuildPhase section */

/* Begin PBXVariantGroup section */
		4757CCBA249E5E9A002786D9 /* Main.storyboard */ = {
			isa = PBXVariantGroup;
			children = (
				4757CCBB249E5E9A002786D9 /* Base */,
			);
			name = Main.storyboard;
			sourceTree = "<group>";
		};
		4757CCC2249E5E9B002786D9 /* LaunchScreen.storyboard */ = {
			isa = PBXVariantGroup;
			children = (
				4757CCC3249E5E9B002786D9 /* Base */,
			);
			name = LaunchScreen.storyboard;
			sourceTree = "<group>";
		};
/* End PBXVariantGroup section */

/* Begin XCBuildConfiguration section */
		4757CCC6249E5E9C002786D9 /* Debug */ = {
			isa = XCBuildConfiguration;
			buildSettings = {
				ALWAYS_SEARCH_USER_PATHS = NO;
				CLANG_ANALYZER_NONNULL = YES;
				CLANG_ANALYZER_NUMBER_OBJECT_CONVERSION = YES_AGGRESSIVE;
				CLANG_CXX_LANGUAGE_STANDARD = "gnu++14";
				CLANG_CXX_LIBRARY = "libc++";
				CLANG_ENABLE_MODULES = YES;
				CLANG_ENABLE_OBJC_ARC = YES;
				CLANG_ENABLE_OBJC_WEAK = YES;
				CLANG_WARN_BLOCK_CAPTURE_AUTORELEASING = YES;
				CLANG_WARN_BOOL_CONVERSION = YES;
				CLANG_WARN_COMMA = YES;
				CLANG_WARN_CONSTANT_CONVERSION = YES;
				CLANG_WARN_DEPRECATED_OBJC_IMPLEMENTATIONS = YES;
				CLANG_WARN_DIRECT_OBJC_ISA_USAGE = YES_ERROR;
				CLANG_WARN_DOCUMENTATION_COMMENTS = YES;
				CLANG_WARN_EMPTY_BODY = YES;
				CLANG_WARN_ENUM_CONVERSION = YES;
				CLANG_WARN_INFINITE_RECURSION = YES;
				CLANG_WARN_INT_CONVERSION = YES;
				CLANG_WARN_NON_LITERAL_NULL_CONVERSION = YES;
				CLANG_WARN_OBJC_IMPLICIT_RETAIN_SELF = YES;
				CLANG_WARN_OBJC_LITERAL_CONVERSION = YES;
				CLANG_WARN_OBJC_ROOT_CLASS = YES_ERROR;
				CLANG_WARN_RANGE_LOOP_ANALYSIS = YES;
				CLANG_WARN_STRICT_PROTOTYPES = YES;
				CLANG_WARN_SUSPICIOUS_MOVE = YES;
				CLANG_WARN_UNGUARDED_AVAILABILITY = YES_AGGRESSIVE;
				CLANG_WARN_UNREACHABLE_CODE = YES;
				CLANG_WARN__DUPLICATE_METHOD_MATCH = YES;
				COPY_PHASE_STRIP = NO;
				DEBUG_INFORMATION_FORMAT = dwarf;
				ENABLE_STRICT_OBJC_MSGSEND = YES;
				ENABLE_TESTABILITY = YES;
				GCC_C_LANGUAGE_STANDARD = gnu11;
				GCC_DYNAMIC_NO_PIC = NO;
				GCC_NO_COMMON_BLOCKS = YES;
				GCC_OPTIMIZATION_LEVEL = 0;
				GCC_PREPROCESSOR_DEFINITIONS = (
					"DEBUG=1",
					"$(inherited)",
				);
				GCC_WARN_64_TO_32_BIT_CONVERSION = YES;
				GCC_WARN_ABOUT_RETURN_TYPE = YES_ERROR;
				GCC_WARN_UNDECLARED_SELECTOR = YES;
				GCC_WARN_UNINITIALIZED_AUTOS = YES_AGGRESSIVE;
				GCC_WARN_UNUSED_FUNCTION = YES;
				GCC_WARN_UNUSED_VARIABLE = YES;
				IPHONEOS_DEPLOYMENT_TARGET = 13.5;
				MTL_ENABLE_DEBUG_INFO = INCLUDE_SOURCE;
				MTL_FAST_MATH = YES;
				ONLY_ACTIVE_ARCH = YES;
				SDKROOT = iphoneos;
				SWIFT_ACTIVE_COMPILATION_CONDITIONS = DEBUG;
				SWIFT_OPTIMIZATION_LEVEL = "-Onone";
			};
			name = Debug;
		};
		4757CCC7249E5E9C002786D9 /* Release */ = {
			isa = XCBuildConfiguration;
			buildSettings = {
				ALWAYS_SEARCH_USER_PATHS = NO;
				CLANG_ANALYZER_NONNULL = YES;
				CLANG_ANALYZER_NUMBER_OBJECT_CONVERSION = YES_AGGRESSIVE;
				CLANG_CXX_LANGUAGE_STANDARD = "gnu++14";
				CLANG_CXX_LIBRARY = "libc++";
				CLANG_ENABLE_MODULES = YES;
				CLANG_ENABLE_OBJC_ARC = YES;
				CLANG_ENABLE_OBJC_WEAK = YES;
				CLANG_WARN_BLOCK_CAPTURE_AUTORELEASING = YES;
				CLANG_WARN_BOOL_CONVERSION = YES;
				CLANG_WARN_COMMA = YES;
				CLANG_WARN_CONSTANT_CONVERSION = YES;
				CLANG_WARN_DEPRECATED_OBJC_IMPLEMENTATIONS = YES;
				CLANG_WARN_DIRECT_OBJC_ISA_USAGE = YES_ERROR;
				CLANG_WARN_DOCUMENTATION_COMMENTS = YES;
				CLANG_WARN_EMPTY_BODY = YES;
				CLANG_WARN_ENUM_CONVERSION = YES;
				CLANG_WARN_INFINITE_RECURSION = YES;
				CLANG_WARN_INT_CONVERSION = YES;
				CLANG_WARN_NON_LITERAL_NULL_CONVERSION = YES;
				CLANG_WARN_OBJC_IMPLICIT_RETAIN_SELF = YES;
				CLANG_WARN_OBJC_LITERAL_CONVERSION = YES;
				CLANG_WARN_OBJC_ROOT_CLASS = YES_ERROR;
				CLANG_WARN_RANGE_LOOP_ANALYSIS = YES;
				CLANG_WARN_STRICT_PROTOTYPES = YES;
				CLANG_WARN_SUSPICIOUS_MOVE = YES;
				CLANG_WARN_UNGUARDED_AVAILABILITY = YES_AGGRESSIVE;
				CLANG_WARN_UNREACHABLE_CODE = YES;
				CLANG_WARN__DUPLICATE_METHOD_MATCH = YES;
				COPY_PHASE_STRIP = NO;
				DEBUG_INFORMATION_FORMAT = "dwarf-with-dsym";
				ENABLE_NS_ASSERTIONS = NO;
				ENABLE_STRICT_OBJC_MSGSEND = YES;
				GCC_C_LANGUAGE_STANDARD = gnu11;
				GCC_NO_COMMON_BLOCKS = YES;
				GCC_WARN_64_TO_32_BIT_CONVERSION = YES;
				GCC_WARN_ABOUT_RETURN_TYPE = YES_ERROR;
				GCC_WARN_UNDECLARED_SELECTOR = YES;
				GCC_WARN_UNINITIALIZED_AUTOS = YES_AGGRESSIVE;
				GCC_WARN_UNUSED_FUNCTION = YES;
				GCC_WARN_UNUSED_VARIABLE = YES;
				IPHONEOS_DEPLOYMENT_TARGET = 13.5;
				MTL_ENABLE_DEBUG_INFO = NO;
				MTL_FAST_MATH = YES;
				SDKROOT = iphoneos;
				SWIFT_COMPILATION_MODE = wholemodule;
				SWIFT_OPTIMIZATION_LEVEL = "-O";
				VALIDATE_PRODUCT = YES;
			};
			name = Release;
		};
		4757CCC9249E5E9C002786D9 /* Debug */ = {
			isa = XCBuildConfiguration;
			buildSettings = {
				ASSETCATALOG_COMPILER_APPICON_NAME = AppIcon;
				CODE_SIGN_STYLE = Automatic;
				INFOPLIST_FILE = NoteApp_TeamPurple_FP/Info.plist;
				LD_RUNPATH_SEARCH_PATHS = (
					"$(inherited)",
					"@executable_path/Frameworks",
				);
				PRODUCT_BUNDLE_IDENTIFIER = "com.avanipatel.NoteApp-TeamPurple-FP";
				PRODUCT_NAME = "$(TARGET_NAME)";
				SWIFT_VERSION = 5.0;
				TARGETED_DEVICE_FAMILY = "1,2";
			};
			name = Debug;
		};
		4757CCCA249E5E9C002786D9 /* Release */ = {
			isa = XCBuildConfiguration;
			buildSettings = {
				ASSETCATALOG_COMPILER_APPICON_NAME = AppIcon;
				CODE_SIGN_STYLE = Automatic;
				INFOPLIST_FILE = NoteApp_TeamPurple_FP/Info.plist;
				LD_RUNPATH_SEARCH_PATHS = (
					"$(inherited)",
					"@executable_path/Frameworks",
				);
				PRODUCT_BUNDLE_IDENTIFIER = "com.avanipatel.NoteApp-TeamPurple-FP";
				PRODUCT_NAME = "$(TARGET_NAME)";
				SWIFT_VERSION = 5.0;
				TARGETED_DEVICE_FAMILY = "1,2";
			};
			name = Release;
		};
/* End XCBuildConfiguration section */

/* Begin XCConfigurationList section */
		4757CCAC249E5E9A002786D9 /* Build configuration list for PBXProject "NoteApp_TeamPurple_FP" */ = {
			isa = XCConfigurationList;
			buildConfigurations = (
				4757CCC6249E5E9C002786D9 /* Debug */,
				4757CCC7249E5E9C002786D9 /* Release */,
			);
			defaultConfigurationIsVisible = 0;
			defaultConfigurationName = Release;
		};
		4757CCC8249E5E9C002786D9 /* Build configuration list for PBXNativeTarget "NoteApp_TeamPurple_FP" */ = {
			isa = XCConfigurationList;
			buildConfigurations = (
				4757CCC9249E5E9C002786D9 /* Debug */,
				4757CCCA249E5E9C002786D9 /* Release */,
			);
			defaultConfigurationIsVisible = 0;
			defaultConfigurationName = Release;
		};
/* End XCConfigurationList section */

/* Begin XCVersionGroup section */
		4757CCBD249E5E9A002786D9 /* NoteApp_TeamPurple_FP.xcdatamodeld */ = {
			isa = XCVersionGroup;
			children = (
				4757CCBE249E5E9A002786D9 /* NoteApp_TeamPurple_FP.xcdatamodel */,
			);
			currentVersion = 4757CCBE249E5E9A002786D9 /* NoteApp_TeamPurple_FP.xcdatamodel */;
			path = NoteApp_TeamPurple_FP.xcdatamodeld;
			sourceTree = "<group>";
			versionGroupType = wrapper.xcdatamodel;
		};
/* End XCVersionGroup section */
	};
	rootObject = 4757CCA9249E5E9A002786D9 /* Project object */;
}
